
Microsoft Visual Studio Solution File, Format Version 12.00
# Visual Studio Version 17
VisualStudioVersion = 17.3.32901.215
MinimumVisualStudioVersion = 10.0.40219.1
Project("{FAE04EC0-301F-11D3-BF4B-00C04F79EFBC}") = "Task 1", "Task 1.csproj", "{C605ABB4-D279-485E-A898-0198CD7FFFC4}"
EndProject
Project("{FAE04EC0-301F-11D3-BF4B-00C04F79EFBC}") = "Task 2", "..\Task 2\Task 2.csproj", "{5E71C84C-C62F-4990-8E26-B59EC5326873}"
EndProject
Project("{FAE04EC0-301F-11D3-BF4B-00C04F79EFBC}") = "Task 3", "..\Task 3\Task 3.csproj", "{9322A506-DBED-4698-9CA8-89B4E0EA5C74}"
EndProject
Global
	GlobalSection(SolutionConfigurationPlatforms) = preSolution
		Debug|Any CPU = Debug|Any CPU
		Release|Any CPU = Release|Any CPU
	EndGlobalSection
	GlobalSection(ProjectConfigurationPlatforms) = postSolution
		{C605ABB4-D279-485E-A898-0198CD7FFFC4}.Debug|Any CPU.ActiveCfg = Debug|Any CPU
		{C605ABB4-D279-485E-A898-0198CD7FFFC4}.Debug|Any CPU.Build.0 = Debug|Any CPU
		{C605ABB4-D279-485E-A898-0198CD7FFFC4}.Release|Any CPU.ActiveCfg = Release|Any CPU
		{C605ABB4-D279-485E-A898-0198CD7FFFC4}.Release|Any CPU.Build.0 = Release|Any CPU
		{5E71C84C-C62F-4990-8E26-B59EC5326873}.Debug|Any CPU.ActiveCfg = Debug|Any CPU
		{5E71C84C-C62F-4990-8E26-B59EC5326873}.Debug|Any CPU.Build.0 = Debug|Any CPU
		{5E71C84C-C62F-4990-8E26-B59EC5326873}.Release|Any CPU.ActiveCfg = Release|Any CPU
		{5E71C84C-C62F-4990-8E26-B59EC5326873}.Release|Any CPU.Build.0 = Release|Any CPU
		{9322A506-DBED-4698-9CA8-89B4E0EA5C74}.Debug|Any CPU.ActiveCfg = Debug|Any CPU
		{9322A506-DBED-4698-9CA8-89B4E0EA5C74}.Debug|Any CPU.Build.0 = Debug|Any CPU
		{9322A506-DBED-4698-9CA8-89B4E0EA5C74}.Release|Any CPU.ActiveCfg = Release|Any CPU
		{9322A506-DBED-4698-9CA8-89B4E0EA5C74}.Release|Any CPU.Build.0 = Release|Any CPU
	EndGlobalSection
	GlobalSection(SolutionProperties) = preSolution
		HideSolutionNode = FALSE
	EndGlobalSection
	GlobalSection(ExtensibilityGlobals) = postSolution
		SolutionGuid = {EB208D33-CC20-426D-821F-C29010796D2B}
	EndGlobalSection
EndGlobal
